
Microsoft Visual Studio Solution File, Format Version 12.00
# Visual Studio 14
VisualStudioVersion = 14.0.23107.0
MinimumVisualStudioVersion = 10.0.40219.1
Project("{FAE04EC0-301F-11D3-BF4B-00C04F79EFBC}") = "Ryora.Client", "Ryora\Ryora.Client.csproj", "{1C7C1485-62E4-4FCB-8024-29166C1D9466}"
EndProject
Project("{FAE04EC0-301F-11D3-BF4B-00C04F79EFBC}") = "Ryora.Tech", "Ryora.Tech\Ryora.Tech.csproj", "{DAAAF50A-0659-4971-AE04-34A91E43FA1B}"
EndProject
Project("{FAE04EC0-301F-11D3-BF4B-00C04F79EFBC}") = "Ryora.Server", "Ryora.Server\Ryora.Server.csproj", "{A2C15A03-E38B-4A13-A02A-3E4C2B888C66}"
EndProject
Project("{FAE04EC0-301F-11D3-BF4B-00C04F79EFBC}") = "Ryora.UdpServer", "Ryora.UdpServer\Ryora.UdpServer.csproj", "{0E5D9A89-2A82-4762-8A74-CDF0699B7DBA}"
EndProject
Project("{FAE04EC0-301F-11D3-BF4B-00C04F79EFBC}") = "Ryora.Udp", "Ryora.Udp\Ryora.Udp.csproj", "{316C0AF6-F280-4281-A7E3-8E39024AD1EA}"
EndProject
Project("{FAE04EC0-301F-11D3-BF4B-00C04F79EFBC}") = "Ryora.Udp.UnitTests", "Ryora.Udp.UnitTests\Ryora.Udp.UnitTests.csproj", "{754FE46D-FAEE-4933-B836-9667E395639E}"
EndProject
Global
	GlobalSection(SolutionConfigurationPlatforms) = preSolution
		Debug|Any CPU = Debug|Any CPU
		Release|Any CPU = Release|Any CPU
	EndGlobalSection
	GlobalSection(ProjectConfigurationPlatforms) = postSolution
		{1C7C1485-62E4-4FCB-8024-29166C1D9466}.Debug|Any CPU.ActiveCfg = Debug|Any CPU
		{1C7C1485-62E4-4FCB-8024-29166C1D9466}.Debug|Any CPU.Build.0 = Debug|Any CPU
		{1C7C1485-62E4-4FCB-8024-29166C1D9466}.Release|Any CPU.ActiveCfg = Release|Any CPU
		{1C7C1485-62E4-4FCB-8024-29166C1D9466}.Release|Any CPU.Build.0 = Release|Any CPU
		{DAAAF50A-0659-4971-AE04-34A91E43FA1B}.Debug|Any CPU.ActiveCfg = Debug|Any CPU
		{DAAAF50A-0659-4971-AE04-34A91E43FA1B}.Debug|Any CPU.Build.0 = Debug|Any CPU
		{DAAAF50A-0659-4971-AE04-34A91E43FA1B}.Release|Any CPU.ActiveCfg = Release|Any CPU
		{DAAAF50A-0659-4971-AE04-34A91E43FA1B}.Release|Any CPU.Build.0 = Release|Any CPU
		{A2C15A03-E38B-4A13-A02A-3E4C2B888C66}.Debug|Any CPU.ActiveCfg = Debug|Any CPU
		{A2C15A03-E38B-4A13-A02A-3E4C2B888C66}.Debug|Any CPU.Build.0 = Debug|Any CPU
		{A2C15A03-E38B-4A13-A02A-3E4C2B888C66}.Release|Any CPU.ActiveCfg = Release|Any CPU
		{A2C15A03-E38B-4A13-A02A-3E4C2B888C66}.Release|Any CPU.Build.0 = Release|Any CPU
		{0E5D9A89-2A82-4762-8A74-CDF0699B7DBA}.Debug|Any CPU.ActiveCfg = Debug|Any CPU
		{0E5D9A89-2A82-4762-8A74-CDF0699B7DBA}.Debug|Any CPU.Build.0 = Debug|Any CPU
		{0E5D9A89-2A82-4762-8A74-CDF0699B7DBA}.Release|Any CPU.ActiveCfg = Release|Any CPU
		{0E5D9A89-2A82-4762-8A74-CDF0699B7DBA}.Release|Any CPU.Build.0 = Release|Any CPU
		{316C0AF6-F280-4281-A7E3-8E39024AD1EA}.Debug|Any CPU.ActiveCfg = Debug|Any CPU
		{316C0AF6-F280-4281-A7E3-8E39024AD1EA}.Debug|Any CPU.Build.0 = Debug|Any CPU
		{316C0AF6-F280-4281-A7E3-8E39024AD1EA}.Release|Any CPU.ActiveCfg = Release|Any CPU
		{316C0AF6-F280-4281-A7E3-8E39024AD1EA}.Release|Any CPU.Build.0 = Release|Any CPU
		{754FE46D-FAEE-4933-B836-9667E395639E}.Debug|Any CPU.ActiveCfg = Debug|Any CPU
		{754FE46D-FAEE-4933-B836-9667E395639E}.Debug|Any CPU.Build.0 = Debug|Any CPU
		{754FE46D-FAEE-4933-B836-9667E395639E}.Release|Any CPU.ActiveCfg = Release|Any CPU
		{754FE46D-FAEE-4933-B836-9667E395639E}.Release|Any CPU.Build.0 = Release|Any CPU
	EndGlobalSection
	GlobalSection(SolutionProperties) = preSolution
		HideSolutionNode = FALSE
	EndGlobalSection
EndGlobal
